
Microsoft Visual Studio Solution File, Format Version 12.00
# Visual Studio 15
VisualStudioVersion = 15.0.27428.1
MinimumVisualStudioVersion = 10.0.40219.1
Project("{FAE04EC0-301F-11D3-BF4B-00C04F79EFBC}") = "OdeToFood", "OdeToFood\OdeToFood.csproj", "{17D98C00-E08C-4CC4-9BF8-5FA64BCEC5C3}"
EndProject
Global
	GlobalSection(SolutionConfigurationPlatforms) = preSolution
		Debug|Any CPU = Debug|Any CPU
		Release|Any CPU = Release|Any CPU
	EndGlobalSection
	GlobalSection(ProjectConfigurationPlatforms) = postSolution
		{17D98C00-E08C-4CC4-9BF8-5FA64BCEC5C3}.Debug|Any CPU.ActiveCfg = Debug|Any CPU
		{17D98C00-E08C-4CC4-9BF8-5FA64BCEC5C3}.Debug|Any CPU.Build.0 = Debug|Any CPU
		{17D98C00-E08C-4CC4-9BF8-5FA64BCEC5C3}.Release|Any CPU.ActiveCfg = Release|Any CPU
		{17D98C00-E08C-4CC4-9BF8-5FA64BCEC5C3}.Release|Any CPU.Build.0 = Release|Any CPU
	EndGlobalSection
	GlobalSection(SolutionProperties) = preSolution
		HideSolutionNode = FALSE
	EndGlobalSection
	GlobalSection(ExtensibilityGlobals) = postSolution
		SolutionGuid = {53BE6D1E-C70D-4A1F-A442-709F073AB91E}
	EndGlobalSection
EndGlobal
